
Microsoft Visual Studio Solution File, Format Version 12.00
# Visual Studio 15
VisualStudioVersion = 15.0.27130.2027
MinimumVisualStudioVersion = 10.0.40219.1
Project("{FAE04EC0-301F-11D3-BF4B-00C04F79EFBC}") = "Inventorycomparison", "Inventorycomparison\Inventorycomparison.csproj", "{FDB75C5F-2961-44B6-A28D-CB8EB3C08660}"
EndProject
Global
	GlobalSection(SolutionConfigurationPlatforms) = preSolution
		Debug|Any CPU = Debug|Any CPU
		Release|Any CPU = Release|Any CPU
	EndGlobalSection
	GlobalSection(ProjectConfigurationPlatforms) = postSolution
		{FDB75C5F-2961-44B6-A28D-CB8EB3C08660}.Debug|Any CPU.ActiveCfg = Debug|Any CPU
		{FDB75C5F-2961-44B6-A28D-CB8EB3C08660}.Debug|Any CPU.Build.0 = Debug|Any CPU
		{FDB75C5F-2961-44B6-A28D-CB8EB3C08660}.Release|Any CPU.ActiveCfg = Release|Any CPU
		{FDB75C5F-2961-44B6-A28D-CB8EB3C08660}.Release|Any CPU.Build.0 = Release|Any CPU
	EndGlobalSection
	GlobalSection(SolutionProperties) = preSolution
		HideSolutionNode = FALSE
	EndGlobalSection
	GlobalSection(ExtensibilityGlobals) = postSolution
		SolutionGuid = {D02E9F6D-463A-4975-86D5-D36A26C004F2}
	EndGlobalSection
EndGlobal
