
Microsoft Visual Studio Solution File, Format Version 12.00
# Visual Studio 15
VisualStudioVersion = 15.0.27130.2027
MinimumVisualStudioVersion = 10.0.40219.1
Project("{FAE04EC0-301F-11D3-BF4B-00C04F79EFBC}") = "inventorysystem", "inventorysystem\inventorysystem.csproj", "{53CE03CA-1FB4-4101-A216-33EDB5ABF465}"
EndProject
Global
	GlobalSection(SolutionConfigurationPlatforms) = preSolution
		Debug|Any CPU = Debug|Any CPU
		Release|Any CPU = Release|Any CPU
	EndGlobalSection
	GlobalSection(ProjectConfigurationPlatforms) = postSolution
		{53CE03CA-1FB4-4101-A216-33EDB5ABF465}.Debug|Any CPU.ActiveCfg = Debug|Any CPU
		{53CE03CA-1FB4-4101-A216-33EDB5ABF465}.Debug|Any CPU.Build.0 = Debug|Any CPU
		{53CE03CA-1FB4-4101-A216-33EDB5ABF465}.Release|Any CPU.ActiveCfg = Release|Any CPU
		{53CE03CA-1FB4-4101-A216-33EDB5ABF465}.Release|Any CPU.Build.0 = Release|Any CPU
	EndGlobalSection
	GlobalSection(SolutionProperties) = preSolution
		HideSolutionNode = FALSE
	EndGlobalSection
	GlobalSection(ExtensibilityGlobals) = postSolution
		SolutionGuid = {456DB9FE-FF67-48AA-8891-E2F8D41D34D3}
	EndGlobalSection
EndGlobal
